
Microsoft Visual Studio Solution File, Format Version 12.00
# Visual Studio Version 16
VisualStudioVersion = 16.0.30621.155
MinimumVisualStudioVersion = 10.0.40219.1
Project("{9A19103F-16F7-4668-BE54-9A1E7A4F7556}") = "WpfUiCore", "WpfUiCore\WpfUiCore.csproj", "{E354E1C9-760A-4A7B-A33D-4C1115F93FC0}"
EndProject
Project("{9A19103F-16F7-4668-BE54-9A1E7A4F7556}") = "Finnhub.ClientCore", "Finnhub_client_core\Finnhub.ClientCore.csproj", "{BB40BC5B-1961-4168-A88E-1A95E038CD86}"
EndProject
Global
	GlobalSection(SolutionConfigurationPlatforms) = preSolution
		Debug|Any CPU = Debug|Any CPU
		Release|Any CPU = Release|Any CPU
	EndGlobalSection
	GlobalSection(ProjectConfigurationPlatforms) = postSolution
		{E354E1C9-760A-4A7B-A33D-4C1115F93FC0}.Debug|Any CPU.ActiveCfg = Debug|Any CPU
		{E354E1C9-760A-4A7B-A33D-4C1115F93FC0}.Debug|Any CPU.Build.0 = Debug|Any CPU
		{E354E1C9-760A-4A7B-A33D-4C1115F93FC0}.Release|Any CPU.ActiveCfg = Release|Any CPU
		{E354E1C9-760A-4A7B-A33D-4C1115F93FC0}.Release|Any CPU.Build.0 = Release|Any CPU
		{BB40BC5B-1961-4168-A88E-1A95E038CD86}.Debug|Any CPU.ActiveCfg = Debug|Any CPU
		{BB40BC5B-1961-4168-A88E-1A95E038CD86}.Debug|Any CPU.Build.0 = Debug|Any CPU
		{BB40BC5B-1961-4168-A88E-1A95E038CD86}.Release|Any CPU.ActiveCfg = Release|Any CPU
		{BB40BC5B-1961-4168-A88E-1A95E038CD86}.Release|Any CPU.Build.0 = Release|Any CPU
	EndGlobalSection
	GlobalSection(SolutionProperties) = preSolution
		HideSolutionNode = FALSE
	EndGlobalSection
	GlobalSection(ExtensibilityGlobals) = postSolution
		SolutionGuid = {E92F9F5A-42D7-41F7-83B4-F7DFBA3F49E1}
	EndGlobalSection
EndGlobal
